
Microsoft Visual Studio Solution File, Format Version 12.00
# Visual Studio Version 17
VisualStudioVersion = 17.14.36203.30 d17.14
MinimumVisualStudioVersion = 10.0.40219.1
Project("{FAE04EC0-301F-11D3-BF4B-00C04F79EFBC}") = "SFMod", "SFMod.csproj", "{597465C1-D835-3A13-85E3-EFF50DEFCF44}"
EndProject
Global
	GlobalSection(SolutionConfigurationPlatforms) = preSolution
		Debug|Any CPU = Debug|Any CPU
		Release|Any CPU = Release|Any CPU
	EndGlobalSection
	GlobalSection(ProjectConfigurationPlatforms) = postSolution
		{597465C1-D835-3A13-85E3-EFF50DEFCF44}.Debug|Any CPU.ActiveCfg = Debug|Any CPU
		{597465C1-D835-3A13-85E3-EFF50DEFCF44}.Debug|Any CPU.Build.0 = Debug|Any CPU
		{597465C1-D835-3A13-85E3-EFF50DEFCF44}.Release|Any CPU.ActiveCfg = Release|Any CPU
		{597465C1-D835-3A13-85E3-EFF50DEFCF44}.Release|Any CPU.Build.0 = Release|Any CPU
	EndGlobalSection
	GlobalSection(SolutionProperties) = preSolution
		HideSolutionNode = FALSE
	EndGlobalSection
	GlobalSection(ExtensibilityGlobals) = postSolution
		SolutionGuid = {AF354959-685F-49EE-8338-44B5C3461407}
	EndGlobalSection
EndGlobal
